{
  "name": "quickstart",
  "version": "0.0.1",
  "lockfileVersion": 1,
  "requires": true,
  "dependencies": {
    "ngx-mat-tui-calendar": {
      "version": "0.0.6",
      "resolved": "https://registry.npmjs.org/ngx-mat-tui-calendar/-/ngx-mat-tui-calendar-0.0.6.tgz",
      "integrity": "sha512-Q6Vl7ou4I2dQ2N2ZTBAM6zPINOa+f/PxJpOmEMbfvucxjkNNUWiIitlACYcCMwf9DwN4TkCpxBDNe/YLbepsTw==",
      "requires": {
        "tslib": "^2.3.0"
      }
    },
    "tslib": {
      "version": "2.3.1",
      "resolved": "https://registry.npmjs.org/tslib/-/tslib-2.3.1.tgz",
      "integrity": "sha512-77EbyPPpMz+FRFRuAFlWMtmgUWGe9UOG2Z25NqCwiIjRhOf5iKGuzSe5P2w1laq+FkRy4p+PCuVkJSGkzTEKVw=="
    }
  }
}
